
Microsoft Visual Studio Solution File, Format Version 10.00
# Visual Studio 2008
Project("{8BC9CEB8-8B4A-11D0-8D11-00A0C91BC942}") = "DwarfTherapist", "dwarftherapist.vcproj", "{0C802433-B930-3326-8C19-034523F04565}"
EndProject
Project("{4CAA2610-1955-4629-BDC1-8133FE0B2087}") = "dwarftherapist_profiler", "..\dwarftherapist_profiler\dwarftherapist_profiler.aqt", "{3CCC1CAC-E420-4192-B81C-DA0C52E861AA}"
EndProject
Global
	GlobalSection(SolutionConfigurationPlatforms) = preSolution
		Debug|Win32 = Debug|Win32
		Release|Win32 = Release|Win32
	EndGlobalSection
	GlobalSection(ProjectConfigurationPlatforms) = postSolution
		{0C802433-B930-3326-8C19-034523F04565}.Debug|Win32.ActiveCfg = Debug|Win32
		{0C802433-B930-3326-8C19-034523F04565}.Debug|Win32.Build.0 = Debug|Win32
		{0C802433-B930-3326-8C19-034523F04565}.Release|Win32.ActiveCfg = Release|Win32
		{0C802433-B930-3326-8C19-034523F04565}.Release|Win32.Build.0 = Release|Win32
	EndGlobalSection
	GlobalSection(SolutionProperties) = preSolution
		HideSolutionNode = FALSE
	EndGlobalSection
EndGlobal
